// !$*UTF8*$!
{
	archiveVersion = 1;
	classes = {
	};
	objectVersion = 48;
	objects = {

/* Begin PBXBuildFile section */
		5FB7CA2F17399245C9D12AE0 /* Pods_ScannerPlus.framework in Frameworks */ = {isa = PBXBuildFile; fileRef = D326E0F9DDF22E95599114AF /* Pods_ScannerPlus.framework */; };
		CA0356861FF57C2A00D9E14F /* ScannerViewController.swift in Sources */ = {isa = PBXBuildFile; fileRef = CA0356851FF57C2A00D9E14F /* ScannerViewController.swift */; };
		CA0356881FF57CF700D9E14F /* CameraViewController.swift in Sources */ = {isa = PBXBuildFile; fileRef = CA0356871FF57CF700D9E14F /* CameraViewController.swift */; };
		CA511FE61FF5F44800E2BD52 /* CaptureView.swift in Sources */ = {isa = PBXBuildFile; fileRef = CA511FE51FF5F44800E2BD52 /* CaptureView.swift */; };
		CA511FE81FF5FE8500E2BD52 /* FlashView.swift in Sources */ = {isa = PBXBuildFile; fileRef = CA511FE71FF5FE8500E2BD52 /* FlashView.swift */; };
		CA9BD4D81FF4E7C4008F4761 /* MainViewController.swift in Sources */ = {isa = PBXBuildFile; fileRef = CA9BD4D71FF4E7C4008F4761 /* MainViewController.swift */; };
		CA9BD4DA1FF4E950008F4761 /* UIApplication.swift in Sources */ = {isa = PBXBuildFile; fileRef = CA9BD4D91FF4E950008F4761 /* UIApplication.swift */; };
		CA9BD4DD1FF4EDC1008F4761 /* MenuViewController.swift in Sources */ = {isa = PBXBuildFile; fileRef = CA9BD4DC1FF4EDC1008F4761 /* MenuViewController.swift */; };
		CAC843541FF7EDF3000D0AB1 /* CloseView.swift in Sources */ = {isa = PBXBuildFile; fileRef = CAC843531FF7EDF3000D0AB1 /* CloseView.swift */; };
		CAD823B01FF038B90061918F /* ExpandView.swift in Sources */ = {isa = PBXBuildFile; fileRef = CAD823AF1FF038B90061918F /* ExpandView.swift */; };
		CAD823B21FF03B4F0061918F /* BlurEffectView.swift in Sources */ = {isa = PBXBuildFile; fileRef = CAD823B11FF03B4F0061918F /* BlurEffectView.swift */; };
		DF13E8C31FF0ED320056A147 /* DocumentItem.swift in Sources */ = {isa = PBXBuildFile; fileRef = DF13E8C21FF0ED320056A147 /* DocumentItem.swift */; };
		DF13E8C61FF0F1CA0056A147 /* DocumentItemCell.xib in Resources */ = {isa = PBXBuildFile; fileRef = DF13E8C41FF0F1CA0056A147 /* DocumentItemCell.xib */; };
		DF13E8C71FF0F1CA0056A147 /* DocumentItemCell.swift in Sources */ = {isa = PBXBuildFile; fileRef = DF13E8C51FF0F1CA0056A147 /* DocumentItemCell.swift */; };
		DF13E8CA1FF0FCA40056A147 /* SearchView.swift in Sources */ = {isa = PBXBuildFile; fileRef = DF13E8C91FF0FCA40056A147 /* SearchView.swift */; };
		DF13E8CC1FF0FCB20056A147 /* SearchView.xib in Resources */ = {isa = PBXBuildFile; fileRef = DF13E8CB1FF0FCB20056A147 /* SearchView.xib */; };
		DF4B79141FF0B3AE00485FFA /* CollectionView.swift in Sources */ = {isa = PBXBuildFile; fileRef = DF4B79131FF0B3AE00485FFA /* CollectionView.swift */; };
		DF4B79211FF0B77300485FFA /* CellInterface.swift in Sources */ = {isa = PBXBuildFile; fileRef = DF4B79201FF0B77300485FFA /* CellInterface.swift */; };
		DFBED80F1FE23C7500636BC1 /* AppDelegate.swift in Sources */ = {isa = PBXBuildFile; fileRef = DFBED80E1FE23C7500636BC1 /* AppDelegate.swift */; };
		DFBED8141FE23C7500636BC1 /* Main.storyboard in Resources */ = {isa = PBXBuildFile; fileRef = DFBED8121FE23C7500636BC1 /* Main.storyboard */; };
		DFBED8161FE23C7500636BC1 /* Assets.xcassets in Resources */ = {isa = PBXBuildFile; fileRef = DFBED8151FE23C7500636BC1 /* Assets.xcassets */; };
		DFBED8191FE23C7500636BC1 /* LaunchScreen.storyboard in Resources */ = {isa = PBXBuildFile; fileRef = DFBED8171FE23C7500636BC1 /* LaunchScreen.storyboard */; };
		DFEA7D651FED03EB00B357D1 /* BaseViewController.swift in Sources */ = {isa = PBXBuildFile; fileRef = DFEA7D641FED03EB00B357D1 /* BaseViewController.swift */; };
		DFEA7D671FED03FB00B357D1 /* HomeViewController.swift in Sources */ = {isa = PBXBuildFile; fileRef = DFEA7D661FED03FB00B357D1 /* HomeViewController.swift */; };
		DFEA7D6A1FED045700B357D1 /* Configuration.swift in Sources */ = {isa = PBXBuildFile; fileRef = DFEA7D691FED045700B357D1 /* Configuration.swift */; };
		DFEA7D731FED067E00B357D1 /* BaseViewCustom.swift in Sources */ = {isa = PBXBuildFile; fileRef = DFEA7D721FED067E00B357D1 /* BaseViewCustom.swift */; };
		DFEA7D751FED093A00B357D1 /* Constant.swift in Sources */ = {isa = PBXBuildFile; fileRef = DFEA7D741FED093A00B357D1 /* Constant.swift */; };
		DFEA7D7B1FED0DBA00B357D1 /* Color.swift in Sources */ = {isa = PBXBuildFile; fileRef = DFEA7D7A1FED0DBA00B357D1 /* Color.swift */; };
/* End PBXBuildFile section */

/* Begin PBXFileReference section */
		5A7DB06D4099915A35F97A6F /* Pods-ScannerPlus.debug.xcconfig */ = {isa = PBXFileReference; includeInIndex = 1; lastKnownFileType = text.xcconfig; name = "Pods-ScannerPlus.debug.xcconfig"; path = "Pods/Target Support Files/Pods-ScannerPlus/Pods-ScannerPlus.debug.xcconfig"; sourceTree = "<group>"; };
		6C7FC46573ABE99409B15C6F /* Pods-ScannerPlus.release.xcconfig */ = {isa = PBXFileReference; includeInIndex = 1; lastKnownFileType = text.xcconfig; name = "Pods-ScannerPlus.release.xcconfig"; path = "Pods/Target Support Files/Pods-ScannerPlus/Pods-ScannerPlus.release.xcconfig"; sourceTree = "<group>"; };
		CA0356851FF57C2A00D9E14F /* ScannerViewController.swift */ = {isa = PBXFileReference; lastKnownFileType = sourcecode.swift; path = ScannerViewController.swift; sourceTree = "<group>"; };
		CA0356871FF57CF700D9E14F /* CameraViewController.swift */ = {isa = PBXFileReference; lastKnownFileType = sourcecode.swift; path = CameraViewController.swift; sourceTree = "<group>"; };
		CA511FE51FF5F44800E2BD52 /* CaptureView.swift */ = {isa = PBXFileReference; lastKnownFileType = sourcecode.swift; path = CaptureView.swift; sourceTree = "<group>"; };
		CA511FE71FF5FE8500E2BD52 /* FlashView.swift */ = {isa = PBXFileReference; lastKnownFileType = sourcecode.swift; path = FlashView.swift; sourceTree = "<group>"; };
		CA9BD4D71FF4E7C4008F4761 /* MainViewController.swift */ = {isa = PBXFileReference; lastKnownFileType = sourcecode.swift; path = MainViewController.swift; sourceTree = "<group>"; };
		CA9BD4D91FF4E950008F4761 /* UIApplication.swift */ = {isa = PBXFileReference; lastKnownFileType = sourcecode.swift; path = UIApplication.swift; sourceTree = "<group>"; };
		CA9BD4DC1FF4EDC1008F4761 /* MenuViewController.swift */ = {isa = PBXFileReference; lastKnownFileType = sourcecode.swift; path = MenuViewController.swift; sourceTree = "<group>"; };
		CAC843531FF7EDF3000D0AB1 /* CloseView.swift */ = {isa = PBXFileReference; lastKnownFileType = sourcecode.swift; path = CloseView.swift; sourceTree = "<group>"; };
		CAD823AF1FF038B90061918F /* ExpandView.swift */ = {isa = PBXFileReference; lastKnownFileType = sourcecode.swift; path = ExpandView.swift; sourceTree = "<group>"; };
		CAD823B11FF03B4F0061918F /* BlurEffectView.swift */ = {isa = PBXFileReference; lastKnownFileType = sourcecode.swift; path = BlurEffectView.swift; sourceTree = "<group>"; };
		D326E0F9DDF22E95599114AF /* Pods_ScannerPlus.framework */ = {isa = PBXFileReference; explicitFileType = wrapper.framework; includeInIndex = 0; path = Pods_ScannerPlus.framework; sourceTree = BUILT_PRODUCTS_DIR; };
		DF13E8C21FF0ED320056A147 /* DocumentItem.swift */ = {isa = PBXFileReference; lastKnownFileType = sourcecode.swift; path = DocumentItem.swift; sourceTree = "<group>"; };
		DF13E8C41FF0F1CA0056A147 /* DocumentItemCell.xib */ = {isa = PBXFileReference; fileEncoding = 4; lastKnownFileType = file.xib; path = DocumentItemCell.xib; sourceTree = "<group>"; };
		DF13E8C51FF0F1CA0056A147 /* DocumentItemCell.swift */ = {isa = PBXFileReference; fileEncoding = 4; lastKnownFileType = sourcecode.swift; path = DocumentItemCell.swift; sourceTree = "<group>"; };
		DF13E8C91FF0FCA40056A147 /* SearchView.swift */ = {isa = PBXFileReference; lastKnownFileType = sourcecode.swift; path = SearchView.swift; sourceTree = "<group>"; };
		DF13E8CB1FF0FCB20056A147 /* SearchView.xib */ = {isa = PBXFileReference; lastKnownFileType = file.xib; path = SearchView.xib; sourceTree = "<group>"; };
		DF4B79131FF0B3AE00485FFA /* CollectionView.swift */ = {isa = PBXFileReference; lastKnownFileType = sourcecode.swift; path = CollectionView.swift; sourceTree = "<group>"; };
		DF4B79201FF0B77300485FFA /* CellInterface.swift */ = {isa = PBXFileReference; lastKnownFileType = sourcecode.swift; path = CellInterface.swift; sourceTree = "<group>"; };
		DFBED80B1FE23C7500636BC1 /* ScannerPlus.app */ = {isa = PBXFileReference; explicitFileType = wrapper.application; includeInIndex = 0; path = ScannerPlus.app; sourceTree = BUILT_PRODUCTS_DIR; };
		DFBED80E1FE23C7500636BC1 /* AppDelegate.swift */ = {isa = PBXFileReference; lastKnownFileType = sourcecode.swift; path = AppDelegate.swift; sourceTree = "<group>"; };
		DFBED8131FE23C7500636BC1 /* Base */ = {isa = PBXFileReference; lastKnownFileType = file.storyboard; name = Base; path = Base.lproj/Main.storyboard; sourceTree = "<group>"; };
		DFBED8151FE23C7500636BC1 /* Assets.xcassets */ = {isa = PBXFileReference; lastKnownFileType = folder.assetcatalog; path = Assets.xcassets; sourceTree = "<group>"; };
		DFBED8181FE23C7500636BC1 /* Base */ = {isa = PBXFileReference; lastKnownFileType = file.storyboard; name = Base; path = Base.lproj/LaunchScreen.storyboard; sourceTree = "<group>"; };
		DFBED81A1FE23C7500636BC1 /* Info.plist */ = {isa = PBXFileReference; lastKnownFileType = text.plist.xml; path = Info.plist; sourceTree = "<group>"; };
		DFEA7D641FED03EB00B357D1 /* BaseViewController.swift */ = {isa = PBXFileReference; lastKnownFileType = sourcecode.swift; path = BaseViewController.swift; sourceTree = "<group>"; };
		DFEA7D661FED03FB00B357D1 /* HomeViewController.swift */ = {isa = PBXFileReference; lastKnownFileType = sourcecode.swift; path = HomeViewController.swift; sourceTree = "<group>"; };
		DFEA7D691FED045700B357D1 /* Configuration.swift */ = {isa = PBXFileReference; lastKnownFileType = sourcecode.swift; path = Configuration.swift; sourceTree = "<group>"; };
		DFEA7D721FED067E00B357D1 /* BaseViewCustom.swift */ = {isa = PBXFileReference; lastKnownFileType = sourcecode.swift; path = BaseViewCustom.swift; sourceTree = "<group>"; };
		DFEA7D741FED093A00B357D1 /* Constant.swift */ = {isa = PBXFileReference; lastKnownFileType = sourcecode.swift; path = Constant.swift; sourceTree = "<group>"; };
		DFEA7D7A1FED0DBA00B357D1 /* Color.swift */ = {isa = PBXFileReference; lastKnownFileType = sourcecode.swift; path = Color.swift; sourceTree = "<group>"; };
/* End PBXFileReference section */

/* Begin PBXFrameworksBuildPhase section */
		DFBED8081FE23C7500636BC1 /* Frameworks */ = {
			isa = PBXFrameworksBuildPhase;
			buildActionMask = 2147483647;
			files = (
				5FB7CA2F17399245C9D12AE0 /* Pods_ScannerPlus.framework in Frameworks */,
			);
			runOnlyForDeploymentPostprocessing = 0;
		};
/* End PBXFrameworksBuildPhase section */

/* Begin PBXGroup section */
		AF03747716C20C7B9603C87B /* Frameworks */ = {
			isa = PBXGroup;
			children = (
				D326E0F9DDF22E95599114AF /* Pods_ScannerPlus.framework */,
			);
			name = Frameworks;
			sourceTree = "<group>";
		};
		CA0356841FF57AE500D9E14F /* Scanner */ = {
			isa = PBXGroup;
			children = (
				CA511FE31FF5F3FF00E2BD52 /* Camera */,
				CA0356851FF57C2A00D9E14F /* ScannerViewController.swift */,
			);
			path = Scanner;
			sourceTree = "<group>";
		};
		CA511FE31FF5F3FF00E2BD52 /* Camera */ = {
			isa = PBXGroup;
			children = (
				CA511FE41FF5F40B00E2BD52 /* View */,
				CA0356871FF57CF700D9E14F /* CameraViewController.swift */,
			);
			path = Camera;
			sourceTree = "<group>";
		};
		CA511FE41FF5F40B00E2BD52 /* View */ = {
			isa = PBXGroup;
			children = (
				CAC843521FF7EDE6000D0AB1 /* CloseView */,
				CA511FEA1FF60A5300E2BD52 /* FlashView */,
				CA511FE91FF60A4800E2BD52 /* CaptureView */,
			);
			path = View;
			sourceTree = "<group>";
		};
		CA511FE91FF60A4800E2BD52 /* CaptureView */ = {
			isa = PBXGroup;
			children = (
				CA511FE51FF5F44800E2BD52 /* CaptureView.swift */,
			);
			path = CaptureView;
			sourceTree = "<group>";
		};
		CA511FEA1FF60A5300E2BD52 /* FlashView */ = {
			isa = PBXGroup;
			children = (
				CA511FE71FF5FE8500E2BD52 /* FlashView.swift */,
			);
			path = FlashView;
			sourceTree = "<group>";
		};
		CA9BD4D61FF4E7B1008F4761 /* Main */ = {
			isa = PBXGroup;
			children = (
				DFEA7D641FED03EB00B357D1 /* BaseViewController.swift */,
				CA9BD4D71FF4E7C4008F4761 /* MainViewController.swift */,
			);
			path = Main;
			sourceTree = "<group>";
		};
		CA9BD4DB1FF4EDB4008F4761 /* Menu */ = {
			isa = PBXGroup;
			children = (
				CA9BD4DC1FF4EDC1008F4761 /* MenuViewController.swift */,
			);
			path = Menu;
			sourceTree = "<group>";
		};
		CAC843521FF7EDE6000D0AB1 /* CloseView */ = {
			isa = PBXGroup;
			children = (
				CAC843531FF7EDF3000D0AB1 /* CloseView.swift */,
			);
			path = CloseView;
			sourceTree = "<group>";
		};
		CAD823AE1FF0389F0061918F /* View */ = {
			isa = PBXGroup;
			children = (
				DF13E8C81FF0FC800056A147 /* Search */,
				DF4B791F1FF0B73100485FFA /* Cell */,
				CAD823AF1FF038B90061918F /* ExpandView.swift */,
				CAD823B11FF03B4F0061918F /* BlurEffectView.swift */,
				DF4B79131FF0B3AE00485FFA /* CollectionView.swift */,
			);
			path = View;
			sourceTree = "<group>";
		};
		DF13E8C11FF0ECE30056A147 /* DocumentItem */ = {
			isa = PBXGroup;
			children = (
				DF13E8C21FF0ED320056A147 /* DocumentItem.swift */,
			);
			path = DocumentItem;
			sourceTree = "<group>";
		};
		DF13E8C81FF0FC800056A147 /* Search */ = {
			isa = PBXGroup;
			children = (
				DF13E8C91FF0FCA40056A147 /* SearchView.swift */,
				DF13E8CB1FF0FCB20056A147 /* SearchView.xib */,
			);
			path = Search;
			sourceTree = "<group>";
		};
		DF4B791F1FF0B73100485FFA /* Cell */ = {
			isa = PBXGroup;
			children = (
				DF13E8C51FF0F1CA0056A147 /* DocumentItemCell.swift */,
				DF13E8C41FF0F1CA0056A147 /* DocumentItemCell.xib */,
				DF4B79201FF0B77300485FFA /* CellInterface.swift */,
			);
			path = Cell;
			sourceTree = "<group>";
		};
		DFBED8021FE23C7500636BC1 = {
			isa = PBXGroup;
			children = (
				DFBED80D1FE23C7500636BC1 /* ScannerPlus */,
				DFBED80C1FE23C7500636BC1 /* Products */,
				ED8AB4CB860520090656282A /* Pods */,
				AF03747716C20C7B9603C87B /* Frameworks */,
			);
			sourceTree = "<group>";
		};
		DFBED80C1FE23C7500636BC1 /* Products */ = {
			isa = PBXGroup;
			children = (
				DFBED80B1FE23C7500636BC1 /* ScannerPlus.app */,
			);
			name = Products;
			sourceTree = "<group>";
		};
		DFBED80D1FE23C7500636BC1 /* ScannerPlus */ = {
			isa = PBXGroup;
			children = (
				DFEA7D6B1FED04A600B357D1 /* View */,
				DFEA7D601FED03BF00B357D1 /* Model */,
				DFEA7D5F1FED03AC00B357D1 /* ViewController */,
				DFBED80E1FE23C7500636BC1 /* AppDelegate.swift */,
				DFBED8121FE23C7500636BC1 /* Main.storyboard */,
				DFBED8151FE23C7500636BC1 /* Assets.xcassets */,
				DFBED8171FE23C7500636BC1 /* LaunchScreen.storyboard */,
				DFBED81A1FE23C7500636BC1 /* Info.plist */,
			);
			path = ScannerPlus;
			sourceTree = "<group>";
		};
		DFEA7D5F1FED03AC00B357D1 /* ViewController */ = {
			isa = PBXGroup;
			children = (
				CA9BD4D61FF4E7B1008F4761 /* Main */,
				CA0356841FF57AE500D9E14F /* Scanner */,
				CA9BD4DB1FF4EDB4008F4761 /* Menu */,
				DFEA7D621FED03D100B357D1 /* Home */,
			);
			path = ViewController;
			sourceTree = "<group>";
		};
		DFEA7D601FED03BF00B357D1 /* Model */ = {
			isa = PBXGroup;
			children = (
				DF13E8C11FF0ECE30056A147 /* DocumentItem */,
				DFEA7D791FED0DAF00B357D1 /* Extension */,
				DFEA7D691FED045700B357D1 /* Configuration.swift */,
				DFEA7D741FED093A00B357D1 /* Constant.swift */,
			);
			path = Model;
			sourceTree = "<group>";
		};
		DFEA7D621FED03D100B357D1 /* Home */ = {
			isa = PBXGroup;
			children = (
				DFEA7D661FED03FB00B357D1 /* HomeViewController.swift */,
				CAD823AE1FF0389F0061918F /* View */,
			);
			path = Home;
			sourceTree = "<group>";
		};
		DFEA7D6B1FED04A600B357D1 /* View */ = {
			isa = PBXGroup;
			children = (
				DFEA7D711FED065F00B357D1 /* BaseViewCustom */,
			);
			path = View;
			sourceTree = "<group>";
		};
		DFEA7D711FED065F00B357D1 /* BaseViewCustom */ = {
			isa = PBXGroup;
			children = (
				DFEA7D721FED067E00B357D1 /* BaseViewCustom.swift */,
			);
			path = BaseViewCustom;
			sourceTree = "<group>";
		};
		DFEA7D791FED0DAF00B357D1 /* Extension */ = {
			isa = PBXGroup;
			children = (
				DFEA7D7A1FED0DBA00B357D1 /* Color.swift */,
				CA9BD4D91FF4E950008F4761 /* UIApplication.swift */,
			);
			path = Extension;
			sourceTree = "<group>";
		};
		ED8AB4CB860520090656282A /* Pods */ = {
			isa = PBXGroup;
			children = (
				5A7DB06D4099915A35F97A6F /* Pods-ScannerPlus.debug.xcconfig */,
				6C7FC46573ABE99409B15C6F /* Pods-ScannerPlus.release.xcconfig */,
			);
			name = Pods;
			sourceTree = "<group>";
		};
/* End PBXGroup section */

/* Begin PBXNativeTarget section */
		DFBED80A1FE23C7500636BC1 /* ScannerPlus */ = {
			isa = PBXNativeTarget;
			buildConfigurationList = DFBED81D1FE23C7500636BC1 /* Build configuration list for PBXNativeTarget "ScannerPlus" */;
			buildPhases = (
				1EFE76297CD5920A9165B17C /* [CP] Check Pods Manifest.lock */,
				DFBED8071FE23C7500636BC1 /* Sources */,
				DFBED8081FE23C7500636BC1 /* Frameworks */,
				DFBED8091FE23C7500636BC1 /* Resources */,
				A2D18188F6ECAC21B67E8130 /* [CP] Embed Pods Frameworks */,
				048B021829CAC6DFAE05B09F /* [CP] Copy Pods Resources */,
			);
			buildRules = (
			);
			dependencies = (
			);
			name = ScannerPlus;
			productName = ScannerPlus;
			productReference = DFBED80B1FE23C7500636BC1 /* ScannerPlus.app */;
			productType = "com.apple.product-type.application";
		};
/* End PBXNativeTarget section */

/* Begin PBXProject section */
		DFBED8031FE23C7500636BC1 /* Project object */ = {
			isa = PBXProject;
			attributes = {
				LastSwiftUpdateCheck = 0910;
				LastUpgradeCheck = 0910;
				ORGANIZATIONNAME = TuanNM;
				TargetAttributes = {
					DFBED80A1FE23C7500636BC1 = {
						CreatedOnToolsVersion = 9.1;
						ProvisioningStyle = Automatic;
					};
				};
			};
			buildConfigurationList = DFBED8061FE23C7500636BC1 /* Build configuration list for PBXProject "ScannerPlus" */;
			compatibilityVersion = "Xcode 8.0";
			developmentRegion = en;
			hasScannedForEncodings = 0;
			knownRegions = (
				en,
				Base,
			);
			mainGroup = DFBED8021FE23C7500636BC1;
			productRefGroup = DFBED80C1FE23C7500636BC1 /* Products */;
			projectDirPath = "";
			projectRoot = "";
			targets = (
				DFBED80A1FE23C7500636BC1 /* ScannerPlus */,
			);
		};
/* End PBXProject section */

/* Begin PBXResourcesBuildPhase section */
		DFBED8091FE23C7500636BC1 /* Resources */ = {
			isa = PBXResourcesBuildPhase;
			buildActionMask = 2147483647;
			files = (
				DF13E8C61FF0F1CA0056A147 /* DocumentItemCell.xib in Resources */,
				DF13E8CC1FF0FCB20056A147 /* SearchView.xib in Resources */,
				DFBED8191FE23C7500636BC1 /* LaunchScreen.storyboard in Resources */,
				DFBED8161FE23C7500636BC1 /* Assets.xcassets in Resources */,
				DFBED8141FE23C7500636BC1 /* Main.storyboard in Resources */,
			);
			runOnlyForDeploymentPostprocessing = 0;
		};
/* End PBXResourcesBuildPhase section */

/* Begin PBXShellScriptBuildPhase section */
		048B021829CAC6DFAE05B09F /* [CP] Copy Pods Resources */ = {
			isa = PBXShellScriptBuildPhase;
			buildActionMask = 2147483647;
			files = (
			);
			inputPaths = (
			);
			name = "[CP] Copy Pods Resources";
			outputPaths = (
			);
			runOnlyForDeploymentPostprocessing = 0;
			shellPath = /bin/sh;
			shellScript = "\"${SRCROOT}/Pods/Target Support Files/Pods-ScannerPlus/Pods-ScannerPlus-resources.sh\"\n";
			showEnvVarsInLog = 0;
		};
		1EFE76297CD5920A9165B17C /* [CP] Check Pods Manifest.lock */ = {
			isa = PBXShellScriptBuildPhase;
			buildActionMask = 2147483647;
			files = (
			);
			inputPaths = (
				"${PODS_PODFILE_DIR_PATH}/Podfile.lock",
				"${PODS_ROOT}/Manifest.lock",
			);
			name = "[CP] Check Pods Manifest.lock";
			outputPaths = (
				"$(DERIVED_FILE_DIR)/Pods-ScannerPlus-checkManifestLockResult.txt",
			);
			runOnlyForDeploymentPostprocessing = 0;
			shellPath = /bin/sh;
			shellScript = "diff \"${PODS_PODFILE_DIR_PATH}/Podfile.lock\" \"${PODS_ROOT}/Manifest.lock\" > /dev/null\nif [ $? != 0 ] ; then\n    # print error to STDERR\n    echo \"error: The sandbox is not in sync with the Podfile.lock. Run 'pod install' or update your CocoaPods installation.\" >&2\n    exit 1\nfi\n# This output is used by Xcode 'outputs' to avoid re-running this script phase.\necho \"SUCCESS\" > \"${SCRIPT_OUTPUT_FILE_0}\"\n";
			showEnvVarsInLog = 0;
		};
		A2D18188F6ECAC21B67E8130 /* [CP] Embed Pods Frameworks */ = {
			isa = PBXShellScriptBuildPhase;
			buildActionMask = 2147483647;
			files = (
			);
			inputPaths = (
				"${SRCROOT}/Pods/Target Support Files/Pods-ScannerPlus/Pods-ScannerPlus-frameworks.sh",
				"${BUILT_PRODUCTS_DIR}/DisplaySwitcher/DisplaySwitcher.framework",
				"${BUILT_PRODUCTS_DIR}/FCAlertView/FCAlertView.framework",
				"${BUILT_PRODUCTS_DIR}/LiquidFloatingActionButton/LiquidFloatingActionButton.framework",
				"${BUILT_PRODUCTS_DIR}/SlideMenuControllerSwift/SlideMenuControllerSwift.framework",
			);
			name = "[CP] Embed Pods Frameworks";
			outputPaths = (
				"${TARGET_BUILD_DIR}/${FRAMEWORKS_FOLDER_PATH}/DisplaySwitcher.framework",
				"${TARGET_BUILD_DIR}/${FRAMEWORKS_FOLDER_PATH}/FCAlertView.framework",
				"${TARGET_BUILD_DIR}/${FRAMEWORKS_FOLDER_PATH}/LiquidFloatingActionButton.framework",
				"${TARGET_BUILD_DIR}/${FRAMEWORKS_FOLDER_PATH}/SlideMenuControllerSwift.framework",
			);
			runOnlyForDeploymentPostprocessing = 0;
			shellPath = /bin/sh;
			shellScript = "\"${SRCROOT}/Pods/Target Support Files/Pods-ScannerPlus/Pods-ScannerPlus-frameworks.sh\"\n";
			showEnvVarsInLog = 0;
		};
/* End PBXShellScriptBuildPhase section */

/* Begin PBXSourcesBuildPhase section */
		DFBED8071FE23C7500636BC1 /* Sources */ = {
			isa = PBXSourcesBuildPhase;
			buildActionMask = 2147483647;
			files = (
				DFEA7D751FED093A00B357D1 /* Constant.swift in Sources */,
				CA0356881FF57CF700D9E14F /* CameraViewController.swift in Sources */,
				CA511FE61FF5F44800E2BD52 /* CaptureView.swift in Sources */,
				CAC843541FF7EDF3000D0AB1 /* CloseView.swift in Sources */,
				DF4B79211FF0B77300485FFA /* CellInterface.swift in Sources */,
				DF13E8C31FF0ED320056A147 /* DocumentItem.swift in Sources */,
				CA511FE81FF5FE8500E2BD52 /* FlashView.swift in Sources */,
				CA0356861FF57C2A00D9E14F /* ScannerViewController.swift in Sources */,
				DFEA7D671FED03FB00B357D1 /* HomeViewController.swift in Sources */,
				DF13E8C71FF0F1CA0056A147 /* DocumentItemCell.swift in Sources */,
				DFEA7D731FED067E00B357D1 /* BaseViewCustom.swift in Sources */,
				CA9BD4D81FF4E7C4008F4761 /* MainViewController.swift in Sources */,
				CAD823B21FF03B4F0061918F /* BlurEffectView.swift in Sources */,
				DFBED80F1FE23C7500636BC1 /* AppDelegate.swift in Sources */,
				DFEA7D7B1FED0DBA00B357D1 /* Color.swift in Sources */,
				CA9BD4DA1FF4E950008F4761 /* UIApplication.swift in Sources */,
				DF13E8CA1FF0FCA40056A147 /* SearchView.swift in Sources */,
				CA9BD4DD1FF4EDC1008F4761 /* MenuViewController.swift in Sources */,
				DFEA7D6A1FED045700B357D1 /* Configuration.swift in Sources */,
				DFEA7D651FED03EB00B357D1 /* BaseViewController.swift in Sources */,
				DF4B79141FF0B3AE00485FFA /* CollectionView.swift in Sources */,
				CAD823B01FF038B90061918F /* ExpandView.swift in Sources */,
			);
			runOnlyForDeploymentPostprocessing = 0;
		};
/* End PBXSourcesBuildPhase section */

/* Begin PBXVariantGroup section */
		DFBED8121FE23C7500636BC1 /* Main.storyboard */ = {
			isa = PBXVariantGroup;
			children = (
				DFBED8131FE23C7500636BC1 /* Base */,
			);
			name = Main.storyboard;
			sourceTree = "<group>";
		};
		DFBED8171FE23C7500636BC1 /* LaunchScreen.storyboard */ = {
			isa = PBXVariantGroup;
			children = (
				DFBED8181FE23C7500636BC1 /* Base */,
			);
			name = LaunchScreen.storyboard;
			sourceTree = "<group>";
		};
/* End PBXVariantGroup section */

/* Begin XCBuildConfiguration section */
		DFBED81B1FE23C7500636BC1 /* Debug */ = {
			isa = XCBuildConfiguration;
			buildSettings = {
				ALWAYS_SEARCH_USER_PATHS = NO;
				CLANG_ANALYZER_NONNULL = YES;
				CLANG_ANALYZER_NUMBER_OBJECT_CONVERSION = YES_AGGRESSIVE;
				CLANG_CXX_LANGUAGE_STANDARD = "gnu++14";
				CLANG_CXX_LIBRARY = "libc++";
				CLANG_ENABLE_MODULES = YES;
				CLANG_ENABLE_OBJC_ARC = YES;
				CLANG_WARN_BLOCK_CAPTURE_AUTORELEASING = YES;
				CLANG_WARN_BOOL_CONVERSION = YES;
				CLANG_WARN_COMMA = YES;
				CLANG_WARN_CONSTANT_CONVERSION = YES;
				CLANG_WARN_DIRECT_OBJC_ISA_USAGE = YES_ERROR;
				CLANG_WARN_DOCUMENTATION_COMMENTS = YES;
				CLANG_WARN_EMPTY_BODY = YES;
				CLANG_WARN_ENUM_CONVERSION = YES;
				CLANG_WARN_INFINITE_RECURSION = YES;
				CLANG_WARN_INT_CONVERSION = YES;
				CLANG_WARN_NON_LITERAL_NULL_CONVERSION = YES;
				CLANG_WARN_OBJC_LITERAL_CONVERSION = YES;
				CLANG_WARN_OBJC_ROOT_CLASS = YES_ERROR;
				CLANG_WARN_RANGE_LOOP_ANALYSIS = YES;
				CLANG_WARN_STRICT_PROTOTYPES = YES;
				CLANG_WARN_SUSPICIOUS_MOVE = YES;
				CLANG_WARN_UNGUARDED_AVAILABILITY = YES_AGGRESSIVE;
				CLANG_WARN_UNREACHABLE_CODE = YES;
				CLANG_WARN__DUPLICATE_METHOD_MATCH = YES;
				CODE_SIGN_IDENTITY = "iPhone Developer";
				COPY_PHASE_STRIP = NO;
				DEBUG_INFORMATION_FORMAT = dwarf;
				ENABLE_STRICT_OBJC_MSGSEND = YES;
				ENABLE_TESTABILITY = YES;
				GCC_C_LANGUAGE_STANDARD = gnu11;
				GCC_DYNAMIC_NO_PIC = NO;
				GCC_NO_COMMON_BLOCKS = YES;
				GCC_OPTIMIZATION_LEVEL = 0;
				GCC_PREPROCESSOR_DEFINITIONS = (
					"DEBUG=1",
					"$(inherited)",
				);
				GCC_WARN_64_TO_32_BIT_CONVERSION = YES;
				GCC_WARN_ABOUT_RETURN_TYPE = YES_ERROR;
				GCC_WARN_UNDECLARED_SELECTOR = YES;
				GCC_WARN_UNINITIALIZED_AUTOS = YES_AGGRESSIVE;
				GCC_WARN_UNUSED_FUNCTION = YES;
				GCC_WARN_UNUSED_VARIABLE = YES;
				IPHONEOS_DEPLOYMENT_TARGET = 11.1;
				MTL_ENABLE_DEBUG_INFO = YES;
				ONLY_ACTIVE_ARCH = YES;
				SDKROOT = iphoneos;
				SWIFT_ACTIVE_COMPILATION_CONDITIONS = DEBUG;
				SWIFT_OPTIMIZATION_LEVEL = "-Onone";
			};
			name = Debug;
		};
		DFBED81C1FE23C7500636BC1 /* Release */ = {
			isa = XCBuildConfiguration;
			buildSettings = {
				ALWAYS_SEARCH_USER_PATHS = NO;
				CLANG_ANALYZER_NONNULL = YES;
				CLANG_ANALYZER_NUMBER_OBJECT_CONVERSION = YES_AGGRESSIVE;
				CLANG_CXX_LANGUAGE_STANDARD = "gnu++14";
				CLANG_CXX_LIBRARY = "libc++";
				CLANG_ENABLE_MODULES = YES;
				CLANG_ENABLE_OBJC_ARC = YES;
				CLANG_WARN_BLOCK_CAPTURE_AUTORELEASING = YES;
				CLANG_WARN_BOOL_CONVERSION = YES;
				CLANG_WARN_COMMA = YES;
				CLANG_WARN_CONSTANT_CONVERSION = YES;
				CLANG_WARN_DIRECT_OBJC_ISA_USAGE = YES_ERROR;
				CLANG_WARN_DOCUMENTATION_COMMENTS = YES;
				CLANG_WARN_EMPTY_BODY = YES;
				CLANG_WARN_ENUM_CONVERSION = YES;
				CLANG_WARN_INFINITE_RECURSION = YES;
				CLANG_WARN_INT_CONVERSION = YES;
				CLANG_WARN_NON_LITERAL_NULL_CONVERSION = YES;
				CLANG_WARN_OBJC_LITERAL_CONVERSION = YES;
				CLANG_WARN_OBJC_ROOT_CLASS = YES_ERROR;
				CLANG_WARN_RANGE_LOOP_ANALYSIS = YES;
				CLANG_WARN_STRICT_PROTOTYPES = YES;
				CLANG_WARN_SUSPICIOUS_MOVE = YES;
				CLANG_WARN_UNGUARDED_AVAILABILITY = YES_AGGRESSIVE;
				CLANG_WARN_UNREACHABLE_CODE = YES;
				CLANG_WARN__DUPLICATE_METHOD_MATCH = YES;
				CODE_SIGN_IDENTITY = "iPhone Developer";
				COPY_PHASE_STRIP = NO;
				DEBUG_INFORMATION_FORMAT = "dwarf-with-dsym";
				ENABLE_NS_ASSERTIONS = NO;
				ENABLE_STRICT_OBJC_MSGSEND = YES;
				GCC_C_LANGUAGE_STANDARD = gnu11;
				GCC_NO_COMMON_BLOCKS = YES;
				GCC_WARN_64_TO_32_BIT_CONVERSION = YES;
				GCC_WARN_ABOUT_RETURN_TYPE = YES_ERROR;
				GCC_WARN_UNDECLARED_SELECTOR = YES;
				GCC_WARN_UNINITIALIZED_AUTOS = YES_AGGRESSIVE;
				GCC_WARN_UNUSED_FUNCTION = YES;
				GCC_WARN_UNUSED_VARIABLE = YES;
				IPHONEOS_DEPLOYMENT_TARGET = 11.1;
				MTL_ENABLE_DEBUG_INFO = NO;
				SDKROOT = iphoneos;
				SWIFT_OPTIMIZATION_LEVEL = "-Owholemodule";
				VALIDATE_PRODUCT = YES;
			};
			name = Release;
		};
		DFBED81E1FE23C7500636BC1 /* Debug */ = {
			isa = XCBuildConfiguration;
			baseConfigurationReference = 5A7DB06D4099915A35F97A6F /* Pods-ScannerPlus.debug.xcconfig */;
			buildSettings = {
				ASSETCATALOG_COMPILER_APPICON_NAME = AppIcon;
				CODE_SIGN_STYLE = Automatic;
				DEVELOPMENT_TEAM = USQFGC88U6;
				INFOPLIST_FILE = ScannerPlus/Info.plist;
				IPHONEOS_DEPLOYMENT_TARGET = 9.0;
				LD_RUNPATH_SEARCH_PATHS = "$(inherited) @executable_path/Frameworks";
				PRODUCT_BUNDLE_IDENTIFIER = com.dream.ScannerPlus;
				PRODUCT_NAME = "$(TARGET_NAME)";
				SWIFT_VERSION = 4.0;
				TARGETED_DEVICE_FAMILY = "1,2";
			};
			name = Debug;
		};
		DFBED81F1FE23C7500636BC1 /* Release */ = {
			isa = XCBuildConfiguration;
			baseConfigurationReference = 6C7FC46573ABE99409B15C6F /* Pods-ScannerPlus.release.xcconfig */;
			buildSettings = {
				ASSETCATALOG_COMPILER_APPICON_NAME = AppIcon;
				CODE_SIGN_STYLE = Automatic;
				DEVELOPMENT_TEAM = USQFGC88U6;
				INFOPLIST_FILE = ScannerPlus/Info.plist;
				IPHONEOS_DEPLOYMENT_TARGET = 9.0;
				LD_RUNPATH_SEARCH_PATHS = "$(inherited) @executable_path/Frameworks";
				PRODUCT_BUNDLE_IDENTIFIER = com.dream.ScannerPlus;
				PRODUCT_NAME = "$(TARGET_NAME)";
				SWIFT_VERSION = 4.0;
				TARGETED_DEVICE_FAMILY = "1,2";
			};
			name = Release;
		};
/* End XCBuildConfiguration section */

/* Begin XCConfigurationList section */
		DFBED8061FE23C7500636BC1 /* Build configuration list for PBXProject "ScannerPlus" */ = {
			isa = XCConfigurationList;
			buildConfigurations = (
				DFBED81B1FE23C7500636BC1 /* Debug */,
				DFBED81C1FE23C7500636BC1 /* Release */,
			);
			defaultConfigurationIsVisible = 0;
			defaultConfigurationName = Release;
		};
		DFBED81D1FE23C7500636BC1 /* Build configuration list for PBXNativeTarget "ScannerPlus" */ = {
			isa = XCConfigurationList;
			buildConfigurations = (
				DFBED81E1FE23C7500636BC1 /* Debug */,
				DFBED81F1FE23C7500636BC1 /* Release */,
			);
			defaultConfigurationIsVisible = 0;
			defaultConfigurationName = Release;
		};
/* End XCConfigurationList section */
	};
	rootObject = DFBED8031FE23C7500636BC1 /* Project object */;
}
